// !$*UTF8*$!
{
	archiveVersion = 1;
	classes = {
	};
	objectVersion = 46;
	objects = {

/* Begin PBXBuildFile section */
		E8317A9C1947E91D00DAF7C7 /* InfoPlist.strings in Resources */ = {isa = PBXBuildFile; fileRef = E8317A9A1947E91D00DAF7C7 /* InfoPlist.strings */; };
		E8317A9E1947E91D00DAF7C7 /* main.m in Sources */ = {isa = PBXBuildFile; fileRef = E8317A9D1947E91D00DAF7C7 /* main.m */; };
		E8317AA21947E91D00DAF7C7 /* AppDelegate.m in Sources */ = {isa = PBXBuildFile; fileRef = E8317AA11947E91D00DAF7C7 /* AppDelegate.m */; };
		E8317AA51947E91D00DAF7C7 /* Main.storyboard in Resources */ = {isa = PBXBuildFile; fileRef = E8317AA31947E91D00DAF7C7 /* Main.storyboard */; };
		E8317AA81947E91D00DAF7C7 /* FeedViewController.m in Sources */ = {isa = PBXBuildFile; fileRef = E8317AA71947E91D00DAF7C7 /* FeedViewController.m */; };
		E8317AAB1947E91D00DAF7C7 /* CreateEventViewController.m in Sources */ = {isa = PBXBuildFile; fileRef = E8317AAA1947E91D00DAF7C7 /* CreateEventViewController.m */; };
		E8317AAD1947E91D00DAF7C7 /* Images.xcassets in Resources */ = {isa = PBXBuildFile; fileRef = E8317AAC1947E91D00DAF7C7 /* Images.xcassets */; };
		E8317AB51947E91D00DAF7C7 /* Foundation.framework in Frameworks */ = {isa = PBXBuildFile; fileRef = E8317A911947E91D00DAF7C7 /* Foundation.framework */; };
		E8317AB61947E91D00DAF7C7 /* UIKit.framework in Frameworks */ = {isa = PBXBuildFile; fileRef = E8317A951947E91D00DAF7C7 /* UIKit.framework */; };
		E8317ABE1947E91D00DAF7C7 /* InfoPlist.strings in Resources */ = {isa = PBXBuildFile; fileRef = E8317ABC1947E91D00DAF7C7 /* InfoPlist.strings */; };
		E8317AC01947E91D00DAF7C7 /* TimoFlashTests.m in Sources */ = {isa = PBXBuildFile; fileRef = E8317ABF1947E91D00DAF7C7 /* TimoFlashTests.m */; };
		E8317AFD1947EF3400DAF7C7 /* FacebookSDK.framework in Frameworks */ = {isa = PBXBuildFile; fileRef = E8317ACB1947ED1C00DAF7C7 /* FacebookSDK.framework */; };
		E8317AFF1947EF3400DAF7C7 /* libsqlite3.0.dylib in Frameworks */ = {isa = PBXBuildFile; fileRef = E8317ACD1947ED1C00DAF7C7 /* libsqlite3.0.dylib */; };
		E8317B001947EF3400DAF7C7 /* Accounts.framework in Frameworks */ = {isa = PBXBuildFile; fileRef = E8317ACE1947ED1C00DAF7C7 /* Accounts.framework */; settings = {ATTRIBUTES = (Weak, ); }; };
		E8317B011947EF3400DAF7C7 /* AdSupport.framework in Frameworks */ = {isa = PBXBuildFile; fileRef = E8317ACF1947ED1C00DAF7C7 /* AdSupport.framework */; settings = {ATTRIBUTES = (Weak, ); }; };
		E8317B021947EF3400DAF7C7 /* Social.framework in Frameworks */ = {isa = PBXBuildFile; fileRef = E8317AD01947ED1C00DAF7C7 /* Social.framework */; settings = {ATTRIBUTES = (Weak, ); }; };
		E8317B031947EF3400DAF7C7 /* CoreLocation.framework in Frameworks */ = {isa = PBXBuildFile; fileRef = E8317AD11947ED1C00DAF7C7 /* CoreLocation.framework */; };
		E8317B041947EF3400DAF7C7 /* StoreKit.framework in Frameworks */ = {isa = PBXBuildFile; fileRef = E8317AD21947ED1C00DAF7C7 /* StoreKit.framework */; };
		E8317B051947EF3400DAF7C7 /* AudioToolbox.framework in Frameworks */ = {isa = PBXBuildFile; fileRef = E8317AD31947ED1C00DAF7C7 /* AudioToolbox.framework */; };
		E8317B061947EF3400DAF7C7 /* CFNetwork.framework in Frameworks */ = {isa = PBXBuildFile; fileRef = E8317AD41947ED1C00DAF7C7 /* CFNetwork.framework */; };
		E8317B071947EF3400DAF7C7 /* libz.1.1.3.dylib in Frameworks */ = {isa = PBXBuildFile; fileRef = E8317AD51947ED1C00DAF7C7 /* libz.1.1.3.dylib */; };
		E8317B081947EF3400DAF7C7 /* MobileCoreServices.framework in Frameworks */ = {isa = PBXBuildFile; fileRef = E8317AD61947ED1C00DAF7C7 /* MobileCoreServices.framework */; };
		E8317B091947EF3400DAF7C7 /* Security.framework in Frameworks */ = {isa = PBXBuildFile; fileRef = E8317AD71947ED1C00DAF7C7 /* Security.framework */; };
		E8317B0A1947EF3400DAF7C7 /* SystemConfiguration.framework in Frameworks */ = {isa = PBXBuildFile; fileRef = E8317AD81947ED1C00DAF7C7 /* SystemConfiguration.framework */; };
		E8317B0B1947EF3400DAF7C7 /* QuartzCore.framework in Frameworks */ = {isa = PBXBuildFile; fileRef = E8317AD91947ED1C00DAF7C7 /* QuartzCore.framework */; };
		E8317B0C1947EF3400DAF7C7 /* Foundation.framework in Frameworks */ = {isa = PBXBuildFile; fileRef = E8317A911947E91D00DAF7C7 /* Foundation.framework */; };
		E8317B0D1947EF3400DAF7C7 /* CoreGraphics.framework in Frameworks */ = {isa = PBXBuildFile; fileRef = E8317A931947E91D00DAF7C7 /* CoreGraphics.framework */; };
		E8317B0E1947EF3400DAF7C7 /* UIKit.framework in Frameworks */ = {isa = PBXBuildFile; fileRef = E8317A951947E91D00DAF7C7 /* UIKit.framework */; };
		E8317B101947EFCB00DAF7C7 /* Parse.framework in Frameworks */ = {isa = PBXBuildFile; fileRef = E8317B0F1947EFCB00DAF7C7 /* Parse.framework */; };
/* End PBXBuildFile section */

/* Begin PBXContainerItemProxy section */
		E8317AB71947E91D00DAF7C7 /* PBXContainerItemProxy */ = {
			isa = PBXContainerItemProxy;
			containerPortal = E8317A861947E91D00DAF7C7 /* Project object */;
			proxyType = 1;
			remoteGlobalIDString = E8317A8D1947E91D00DAF7C7;
			remoteInfo = TimoFlash;
		};
/* End PBXContainerItemProxy section */

/* Begin PBXFileReference section */
		E8317A8E1947E91D00DAF7C7 /* TimoFlash.app */ = {isa = PBXFileReference; explicitFileType = wrapper.application; includeInIndex = 0; path = TimoFlash.app; sourceTree = BUILT_PRODUCTS_DIR; };
		E8317A911947E91D00DAF7C7 /* Foundation.framework */ = {isa = PBXFileReference; lastKnownFileType = wrapper.framework; name = Foundation.framework; path = System/Library/Frameworks/Foundation.framework; sourceTree = SDKROOT; };
		E8317A931947E91D00DAF7C7 /* CoreGraphics.framework */ = {isa = PBXFileReference; lastKnownFileType = wrapper.framework; name = CoreGraphics.framework; path = System/Library/Frameworks/CoreGraphics.framework; sourceTree = SDKROOT; };
		E8317A951947E91D00DAF7C7 /* UIKit.framework */ = {isa = PBXFileReference; lastKnownFileType = wrapper.framework; name = UIKit.framework; path = System/Library/Frameworks/UIKit.framework; sourceTree = SDKROOT; };
		E8317A991947E91D00DAF7C7 /* TimoFlash-Info.plist */ = {isa = PBXFileReference; lastKnownFileType = text.plist.xml; path = "TimoFlash-Info.plist"; sourceTree = "<group>"; };
		E8317A9B1947E91D00DAF7C7 /* en */ = {isa = PBXFileReference; lastKnownFileType = text.plist.strings; name = en; path = en.lproj/InfoPlist.strings; sourceTree = "<group>"; };
		E8317A9D1947E91D00DAF7C7 /* main.m */ = {isa = PBXFileReference; lastKnownFileType = sourcecode.c.objc; path = main.m; sourceTree = "<group>"; };
		E8317A9F1947E91D00DAF7C7 /* TimoFlash-Prefix.pch */ = {isa = PBXFileReference; lastKnownFileType = sourcecode.c.h; path = "TimoFlash-Prefix.pch"; sourceTree = "<group>"; };
		E8317AA01947E91D00DAF7C7 /* AppDelegate.h */ = {isa = PBXFileReference; lastKnownFileType = sourcecode.c.h; path = AppDelegate.h; sourceTree = "<group>"; };
		E8317AA11947E91D00DAF7C7 /* AppDelegate.m */ = {isa = PBXFileReference; lastKnownFileType = sourcecode.c.objc; path = AppDelegate.m; sourceTree = "<group>"; };
		E8317AA41947E91D00DAF7C7 /* Base */ = {isa = PBXFileReference; lastKnownFileType = file.storyboard; name = Base; path = Base.lproj/Main.storyboard; sourceTree = "<group>"; };
		E8317AA61947E91D00DAF7C7 /* FeedViewController.h */ = {isa = PBXFileReference; lastKnownFileType = sourcecode.c.h; path = FeedViewController.h; sourceTree = "<group>"; };
		E8317AA71947E91D00DAF7C7 /* FeedViewController.m */ = {isa = PBXFileReference; lastKnownFileType = sourcecode.c.objc; path = FeedViewController.m; sourceTree = "<group>"; };
		E8317AA91947E91D00DAF7C7 /* CreateEventViewController.h */ = {isa = PBXFileReference; lastKnownFileType = sourcecode.c.h; path = CreateEventViewController.h; sourceTree = "<group>"; };
		E8317AAA1947E91D00DAF7C7 /* CreateEventViewController.m */ = {isa = PBXFileReference; lastKnownFileType = sourcecode.c.objc; path = CreateEventViewController.m; sourceTree = "<group>"; };
		E8317AAC1947E91D00DAF7C7 /* Images.xcassets */ = {isa = PBXFileReference; lastKnownFileType = folder.assetcatalog; path = Images.xcassets; sourceTree = "<group>"; };
		E8317AB21947E91D00DAF7C7 /* TimoFlashTests.xctest */ = {isa = PBXFileReference; explicitFileType = wrapper.cfbundle; includeInIndex = 0; path = TimoFlashTests.xctest; sourceTree = BUILT_PRODUCTS_DIR; };
		E8317ABB1947E91D00DAF7C7 /* TimoFlashTests-Info.plist */ = {isa = PBXFileReference; lastKnownFileType = text.plist.xml; path = "TimoFlashTests-Info.plist"; sourceTree = "<group>"; };
		E8317ABD1947E91D00DAF7C7 /* en */ = {isa = PBXFileReference; lastKnownFileType = text.plist.strings; name = en; path = en.lproj/InfoPlist.strings; sourceTree = "<group>"; };
		E8317ABF1947E91D00DAF7C7 /* TimoFlashTests.m */ = {isa = PBXFileReference; lastKnownFileType = sourcecode.c.objc; path = TimoFlashTests.m; sourceTree = "<group>"; };
		E8317ACB1947ED1C00DAF7C7 /* FacebookSDK.framework */ = {isa = PBXFileReference; lastKnownFileType = wrapper.framework; path = FacebookSDK.framework; sourceTree = "<group>"; };
		E8317ACD1947ED1C00DAF7C7 /* libsqlite3.0.dylib */ = {isa = PBXFileReference; lastKnownFileType = "compiled.mach-o.dylib"; path = libsqlite3.0.dylib; sourceTree = "<group>"; };
		E8317ACE1947ED1C00DAF7C7 /* Accounts.framework */ = {isa = PBXFileReference; lastKnownFileType = wrapper.framework; path = Accounts.framework; sourceTree = "<group>"; };
		E8317ACF1947ED1C00DAF7C7 /* AdSupport.framework */ = {isa = PBXFileReference; lastKnownFileType = wrapper.framework; path = AdSupport.framework; sourceTree = "<group>"; };
		E8317AD01947ED1C00DAF7C7 /* Social.framework */ = {isa = PBXFileReference; lastKnownFileType = wrapper.framework; path = Social.framework; sourceTree = "<group>"; };
		E8317AD11947ED1C00DAF7C7 /* CoreLocation.framework */ = {isa = PBXFileReference; lastKnownFileType = wrapper.framework; path = CoreLocation.framework; sourceTree = "<group>"; };
		E8317AD21947ED1C00DAF7C7 /* StoreKit.framework */ = {isa = PBXFileReference; lastKnownFileType = wrapper.framework; path = StoreKit.framework; sourceTree = "<group>"; };
		E8317AD31947ED1C00DAF7C7 /* AudioToolbox.framework */ = {isa = PBXFileReference; lastKnownFileType = wrapper.framework; path = AudioToolbox.framework; sourceTree = "<group>"; };
		E8317AD41947ED1C00DAF7C7 /* CFNetwork.framework */ = {isa = PBXFileReference; lastKnownFileType = wrapper.framework; path = CFNetwork.framework; sourceTree = "<group>"; };
		E8317AD51947ED1C00DAF7C7 /* libz.1.1.3.dylib */ = {isa = PBXFileReference; lastKnownFileType = "compiled.mach-o.dylib"; path = libz.1.1.3.dylib; sourceTree = "<group>"; };
		E8317AD61947ED1C00DAF7C7 /* MobileCoreServices.framework */ = {isa = PBXFileReference; lastKnownFileType = wrapper.framework; path = MobileCoreServices.framework; sourceTree = "<group>"; };
		E8317AD71947ED1C00DAF7C7 /* Security.framework */ = {isa = PBXFileReference; lastKnownFileType = wrapper.framework; path = Security.framework; sourceTree = "<group>"; };
		E8317AD81947ED1C00DAF7C7 /* SystemConfiguration.framework */ = {isa = PBXFileReference; lastKnownFileType = wrapper.framework; path = SystemConfiguration.framework; sourceTree = "<group>"; };
		E8317AD91947ED1C00DAF7C7 /* QuartzCore.framework */ = {isa = PBXFileReference; lastKnownFileType = wrapper.framework; path = QuartzCore.framework; sourceTree = "<group>"; };
		E8317B0F1947EFCB00DAF7C7 /* Parse.framework */ = {isa = PBXFileReference; lastKnownFileType = wrapper.framework; path = Parse.framework; sourceTree = "<group>"; };
/* End PBXFileReference section */

/* Begin PBXFrameworksBuildPhase section */
		E8317A8B1947E91D00DAF7C7 /* Frameworks */ = {
			isa = PBXFrameworksBuildPhase;
			buildActionMask = 2147483647;
			files = (
				E8317AFD1947EF3400DAF7C7 /* FacebookSDK.framework in Frameworks */,
				E8317AFF1947EF3400DAF7C7 /* libsqlite3.0.dylib in Frameworks */,
				E8317B001947EF3400DAF7C7 /* Accounts.framework in Frameworks */,
				E8317B011947EF3400DAF7C7 /* AdSupport.framework in Frameworks */,
				E8317B021947EF3400DAF7C7 /* Social.framework in Frameworks */,
				E8317B031947EF3400DAF7C7 /* CoreLocation.framework in Frameworks */,
				E8317B041947EF3400DAF7C7 /* StoreKit.framework in Frameworks */,
				E8317B051947EF3400DAF7C7 /* AudioToolbox.framework in Frameworks */,
				E8317B061947EF3400DAF7C7 /* CFNetwork.framework in Frameworks */,
				E8317B071947EF3400DAF7C7 /* libz.1.1.3.dylib in Frameworks */,
				E8317B101947EFCB00DAF7C7 /* Parse.framework in Frameworks */,
				E8317B081947EF3400DAF7C7 /* MobileCoreServices.framework in Frameworks */,
				E8317B091947EF3400DAF7C7 /* Security.framework in Frameworks */,
				E8317B0A1947EF3400DAF7C7 /* SystemConfiguration.framework in Frameworks */,
				E8317B0B1947EF3400DAF7C7 /* QuartzCore.framework in Frameworks */,
				E8317B0C1947EF3400DAF7C7 /* Foundation.framework in Frameworks */,
				E8317B0D1947EF3400DAF7C7 /* CoreGraphics.framework in Frameworks */,
				E8317B0E1947EF3400DAF7C7 /* UIKit.framework in Frameworks */,
			);
			runOnlyForDeploymentPostprocessing = 0;
		};
		E8317AAF1947E91D00DAF7C7 /* Frameworks */ = {
			isa = PBXFrameworksBuildPhase;
			buildActionMask = 2147483647;
			files = (
				E8317AB61947E91D00DAF7C7 /* UIKit.framework in Frameworks */,
				E8317AB51947E91D00DAF7C7 /* Foundation.framework in Frameworks */,
			);
			runOnlyForDeploymentPostprocessing = 0;
		};
/* End PBXFrameworksBuildPhase section */

/* Begin PBXGroup section */
		E8317A851947E91D00DAF7C7 = {
			isa = PBXGroup;
			children = (
				E8317A971947E91D00DAF7C7 /* TimoFlash */,
				E8317AB91947E91D00DAF7C7 /* TimoFlashTests */,
				E8317A901947E91D00DAF7C7 /* Frameworks */,
				E8317A8F1947E91D00DAF7C7 /* Products */,
			);
			sourceTree = "<group>";
		};
		E8317A8F1947E91D00DAF7C7 /* Products */ = {
			isa = PBXGroup;
			children = (
				E8317A8E1947E91D00DAF7C7 /* TimoFlash.app */,
				E8317AB21947E91D00DAF7C7 /* TimoFlashTests.xctest */,
			);
			name = Products;
			sourceTree = "<group>";
		};
		E8317A901947E91D00DAF7C7 /* Frameworks */ = {
			isa = PBXGroup;
			children = (
				E8317B0F1947EFCB00DAF7C7 /* Parse.framework */,
				E8317ACB1947ED1C00DAF7C7 /* FacebookSDK.framework */,
				E8317ACD1947ED1C00DAF7C7 /* libsqlite3.0.dylib */,
				E8317ACE1947ED1C00DAF7C7 /* Accounts.framework */,
				E8317ACF1947ED1C00DAF7C7 /* AdSupport.framework */,
				E8317AD01947ED1C00DAF7C7 /* Social.framework */,
				E8317AD11947ED1C00DAF7C7 /* CoreLocation.framework */,
				E8317AD21947ED1C00DAF7C7 /* StoreKit.framework */,
				E8317AD31947ED1C00DAF7C7 /* AudioToolbox.framework */,
				E8317AD41947ED1C00DAF7C7 /* CFNetwork.framework */,
				E8317AD51947ED1C00DAF7C7 /* libz.1.1.3.dylib */,
				E8317AD61947ED1C00DAF7C7 /* MobileCoreServices.framework */,
				E8317AD71947ED1C00DAF7C7 /* Security.framework */,
				E8317AD81947ED1C00DAF7C7 /* SystemConfiguration.framework */,
				E8317AD91947ED1C00DAF7C7 /* QuartzCore.framework */,
				E8317A911947E91D00DAF7C7 /* Foundation.framework */,
				E8317A931947E91D00DAF7C7 /* CoreGraphics.framework */,
				E8317A951947E91D00DAF7C7 /* UIKit.framework */,
			);
			name = Frameworks;
			sourceTree = "<group>";
		};
		E8317A971947E91D00DAF7C7 /* TimoFlash */ = {
			isa = PBXGroup;
			children = (
				E8317AC91947E95900DAF7C7 /* ViewControllers */,
				E8317AA01947E91D00DAF7C7 /* AppDelegate.h */,
				E8317AA11947E91D00DAF7C7 /* AppDelegate.m */,
				E8317AA31947E91D00DAF7C7 /* Main.storyboard */,
				E8317AAC1947E91D00DAF7C7 /* Images.xcassets */,
				E8317A981947E91D00DAF7C7 /* Supporting Files */,
			);
			path = TimoFlash;
			sourceTree = "<group>";
		};
		E8317A981947E91D00DAF7C7 /* Supporting Files */ = {
			isa = PBXGroup;
			children = (
				E8317A991947E91D00DAF7C7 /* TimoFlash-Info.plist */,
				E8317A9A1947E91D00DAF7C7 /* InfoPlist.strings */,
				E8317A9D1947E91D00DAF7C7 /* main.m */,
				E8317A9F1947E91D00DAF7C7 /* TimoFlash-Prefix.pch */,
			);
			name = "Supporting Files";
			sourceTree = "<group>";
		};
		E8317AB91947E91D00DAF7C7 /* TimoFlashTests */ = {
			isa = PBXGroup;
			children = (
				E8317ABF1947E91D00DAF7C7 /* TimoFlashTests.m */,
				E8317ABA1947E91D00DAF7C7 /* Supporting Files */,
			);
			path = TimoFlashTests;
			sourceTree = "<group>";
		};
		E8317ABA1947E91D00DAF7C7 /* Supporting Files */ = {
			isa = PBXGroup;
			children = (
				E8317ABB1947E91D00DAF7C7 /* TimoFlashTests-Info.plist */,
				E8317ABC1947E91D00DAF7C7 /* InfoPlist.strings */,
			);
			name = "Supporting Files";
			sourceTree = "<group>";
		};
		E8317AC91947E95900DAF7C7 /* ViewControllers */ = {
			isa = PBXGroup;
			children = (
				E8317AA61947E91D00DAF7C7 /* FeedViewController.h */,
				E8317AA71947E91D00DAF7C7 /* FeedViewController.m */,
				E8317AA91947E91D00DAF7C7 /* CreateEventViewController.h */,
				E8317AAA1947E91D00DAF7C7 /* CreateEventViewController.m */,
			);
			name = ViewControllers;
			sourceTree = "<group>";
		};
/* End PBXGroup section */

/* Begin PBXNativeTarget section */
		E8317A8D1947E91D00DAF7C7 /* TimoFlash */ = {
			isa = PBXNativeTarget;
			buildConfigurationList = E8317AC31947E91D00DAF7C7 /* Build configuration list for PBXNativeTarget "TimoFlash" */;
			buildPhases = (
				E8317A8A1947E91D00DAF7C7 /* Sources */,
				E8317A8B1947E91D00DAF7C7 /* Frameworks */,
				E8317A8C1947E91D00DAF7C7 /* Resources */,
			);
			buildRules = (
			);
			dependencies = (
			);
			name = TimoFlash;
			productName = TimoFlash;
			productReference = E8317A8E1947E91D00DAF7C7 /* TimoFlash.app */;
			productType = "com.apple.product-type.application";
		};
		E8317AB11947E91D00DAF7C7 /* TimoFlashTests */ = {
			isa = PBXNativeTarget;
			buildConfigurationList = E8317AC61947E91D00DAF7C7 /* Build configuration list for PBXNativeTarget "TimoFlashTests" */;
			buildPhases = (
				E8317AAE1947E91D00DAF7C7 /* Sources */,
				E8317AAF1947E91D00DAF7C7 /* Frameworks */,
				E8317AB01947E91D00DAF7C7 /* Resources */,
			);
			buildRules = (
			);
			dependencies = (
				E8317AB81947E91D00DAF7C7 /* PBXTargetDependency */,
			);
			name = TimoFlashTests;
			productName = TimoFlashTests;
			productReference = E8317AB21947E91D00DAF7C7 /* TimoFlashTests.xctest */;
			productType = "com.apple.product-type.bundle.unit-test";
		};
/* End PBXNativeTarget section */

/* Begin PBXProject section */
		E8317A861947E91D00DAF7C7 /* Project object */ = {
			isa = PBXProject;
			attributes = {
				LastUpgradeCheck = 0510;
				ORGANIZATIONNAME = "Stephane Giloppe";
				TargetAttributes = {
					E8317A8D1947E91D00DAF7C7 = {
						DevelopmentTeam = A343GVYGQ6;
					};
					E8317AB11947E91D00DAF7C7 = {
						TestTargetID = E8317A8D1947E91D00DAF7C7;
					};
				};
			};
			buildConfigurationList = E8317A891947E91D00DAF7C7 /* Build configuration list for PBXProject "TimoFlash" */;
			compatibilityVersion = "Xcode 3.2";
			developmentRegion = English;
			hasScannedForEncodings = 0;
			knownRegions = (
				en,
				Base,
			);
			mainGroup = E8317A851947E91D00DAF7C7;
			productRefGroup = E8317A8F1947E91D00DAF7C7 /* Products */;
			projectDirPath = "";
			projectRoot = "";
			targets = (
				E8317A8D1947E91D00DAF7C7 /* TimoFlash */,
				E8317AB11947E91D00DAF7C7 /* TimoFlashTests */,
			);
		};
/* End PBXProject section */

/* Begin PBXResourcesBuildPhase section */
		E8317A8C1947E91D00DAF7C7 /* Resources */ = {
			isa = PBXResourcesBuildPhase;
			buildActionMask = 2147483647;
			files = (
				E8317AAD1947E91D00DAF7C7 /* Images.xcassets in Resources */,
				E8317A9C1947E91D00DAF7C7 /* InfoPlist.strings in Resources */,
				E8317AA51947E91D00DAF7C7 /* Main.storyboard in Resources */,
			);
			runOnlyForDeploymentPostprocessing = 0;
		};
		E8317AB01947E91D00DAF7C7 /* Resources */ = {
			isa = PBXResourcesBuildPhase;
			buildActionMask = 2147483647;
			files = (
				E8317ABE1947E91D00DAF7C7 /* InfoPlist.strings in Resources */,
			);
			runOnlyForDeploymentPostprocessing = 0;
		};
/* End PBXResourcesBuildPhase section */

/* Begin PBXSourcesBuildPhase section */
		E8317A8A1947E91D00DAF7C7 /* Sources */ = {
			isa = PBXSourcesBuildPhase;
			buildActionMask = 2147483647;
			files = (
				E8317AAB1947E91D00DAF7C7 /* CreateEventViewController.m in Sources */,
				E8317AA21947E91D00DAF7C7 /* AppDelegate.m in Sources */,
				E8317AA81947E91D00DAF7C7 /* FeedViewController.m in Sources */,
				E8317A9E1947E91D00DAF7C7 /* main.m in Sources */,
			);
			runOnlyForDeploymentPostprocessing = 0;
		};
		E8317AAE1947E91D00DAF7C7 /* Sources */ = {
			isa = PBXSourcesBuildPhase;
			buildActionMask = 2147483647;
			files = (
				E8317AC01947E91D00DAF7C7 /* TimoFlashTests.m in Sources */,
			);
			runOnlyForDeploymentPostprocessing = 0;
		};
/* End PBXSourcesBuildPhase section */

/* Begin PBXTargetDependency section */
		E8317AB81947E91D00DAF7C7 /* PBXTargetDependency */ = {
			isa = PBXTargetDependency;
			target = E8317A8D1947E91D00DAF7C7 /* TimoFlash */;
			targetProxy = E8317AB71947E91D00DAF7C7 /* PBXContainerItemProxy */;
		};
/* End PBXTargetDependency section */

/* Begin PBXVariantGroup section */
		E8317A9A1947E91D00DAF7C7 /* InfoPlist.strings */ = {
			isa = PBXVariantGroup;
			children = (
				E8317A9B1947E91D00DAF7C7 /* en */,
			);
			name = InfoPlist.strings;
			sourceTree = "<group>";
		};
		E8317AA31947E91D00DAF7C7 /* Main.storyboard */ = {
			isa = PBXVariantGroup;
			children = (
				E8317AA41947E91D00DAF7C7 /* Base */,
			);
			name = Main.storyboard;
			sourceTree = "<group>";
		};
		E8317ABC1947E91D00DAF7C7 /* InfoPlist.strings */ = {
			isa = PBXVariantGroup;
			children = (
				E8317ABD1947E91D00DAF7C7 /* en */,
			);
			name = InfoPlist.strings;
			sourceTree = "<group>";
		};
/* End PBXVariantGroup section */

/* Begin XCBuildConfiguration section */
		E8317AC11947E91D00DAF7C7 /* Debug */ = {
			isa = XCBuildConfiguration;
			buildSettings = {
				ALWAYS_SEARCH_USER_PATHS = NO;
				CLANG_CXX_LANGUAGE_STANDARD = "gnu++0x";
				CLANG_CXX_LIBRARY = "libc++";
				CLANG_ENABLE_MODULES = YES;
				CLANG_ENABLE_OBJC_ARC = YES;
				CLANG_WARN_BOOL_CONVERSION = YES;
				CLANG_WARN_CONSTANT_CONVERSION = YES;
				CLANG_WARN_DIRECT_OBJC_ISA_USAGE = YES_ERROR;
				CLANG_WARN_EMPTY_BODY = YES;
				CLANG_WARN_ENUM_CONVERSION = YES;
				CLANG_WARN_INT_CONVERSION = YES;
				CLANG_WARN_OBJC_ROOT_CLASS = YES_ERROR;
				CLANG_WARN__DUPLICATE_METHOD_MATCH = YES;
				"CODE_SIGN_IDENTITY[sdk=iphoneos*]" = "iPhone Developer";
				COPY_PHASE_STRIP = NO;
				GCC_C_LANGUAGE_STANDARD = gnu99;
				GCC_DYNAMIC_NO_PIC = NO;
				GCC_OPTIMIZATION_LEVEL = 0;
				GCC_PREPROCESSOR_DEFINITIONS = (
					"DEBUG=1",
					"$(inherited)",
				);
				GCC_SYMBOLS_PRIVATE_EXTERN = NO;
				GCC_WARN_64_TO_32_BIT_CONVERSION = YES;
				GCC_WARN_ABOUT_RETURN_TYPE = YES_ERROR;
				GCC_WARN_UNDECLARED_SELECTOR = YES;
				GCC_WARN_UNINITIALIZED_AUTOS = YES_AGGRESSIVE;
				GCC_WARN_UNUSED_FUNCTION = YES;
				GCC_WARN_UNUSED_VARIABLE = YES;
				IPHONEOS_DEPLOYMENT_TARGET = 7.1;
				ONLY_ACTIVE_ARCH = YES;
				OTHER_LDFLAGS = "-ObjC";
				SDKROOT = iphoneos;
			};
			name = Debug;
		};
		E8317AC21947E91D00DAF7C7 /* Release */ = {
			isa = XCBuildConfiguration;
			buildSettings = {
				ALWAYS_SEARCH_USER_PATHS = NO;
				CLANG_CXX_LANGUAGE_STANDARD = "gnu++0x";
				CLANG_CXX_LIBRARY = "libc++";
				CLANG_ENABLE_MODULES = YES;
				CLANG_ENABLE_OBJC_ARC = YES;
				CLANG_WARN_BOOL_CONVERSION = YES;
				CLANG_WARN_CONSTANT_CONVERSION = YES;
				CLANG_WARN_DIRECT_OBJC_ISA_USAGE = YES_ERROR;
				CLANG_WARN_EMPTY_BODY = YES;
				CLANG_WARN_ENUM_CONVERSION = YES;
				CLANG_WARN_INT_CONVERSION = YES;
				CLANG_WARN_OBJC_ROOT_CLASS = YES_ERROR;
				CLANG_WARN__DUPLICATE_METHOD_MATCH = YES;
				"CODE_SIGN_IDENTITY[sdk=iphoneos*]" = "iPhone Developer";
				COPY_PHASE_STRIP = YES;
				ENABLE_NS_ASSERTIONS = NO;
				GCC_C_LANGUAGE_STANDARD = gnu99;
				GCC_WARN_64_TO_32_BIT_CONVERSION = YES;
				GCC_WARN_ABOUT_RETURN_TYPE = YES_ERROR;
				GCC_WARN_UNDECLARED_SELECTOR = YES;
				GCC_WARN_UNINITIALIZED_AUTOS = YES_AGGRESSIVE;
				GCC_WARN_UNUSED_FUNCTION = YES;
				GCC_WARN_UNUSED_VARIABLE = YES;
				IPHONEOS_DEPLOYMENT_TARGET = 7.1;
				OTHER_LDFLAGS = "-ObjC";
				SDKROOT = iphoneos;
				VALIDATE_PRODUCT = YES;
			};
			name = Release;
		};
		E8317AC41947E91D00DAF7C7 /* Debug */ = {
			isa = XCBuildConfiguration;
			buildSettings = {
				ASSETCATALOG_COMPILER_APPICON_NAME = AppIcon;
				ASSETCATALOG_COMPILER_LAUNCHIMAGE_NAME = LaunchImage;
				CODE_SIGN_IDENTITY = "iPhone Developer";
				FRAMEWORK_SEARCH_PATHS = (
					"$(inherited)",
					"$(PROJECT_DIR)",
					"$(DEVELOPER_FRAMEWORKS_DIR)",
				);
				GCC_PRECOMPILE_PREFIX_HEADER = YES;
				GCC_PREFIX_HEADER = "TimoFlash/TimoFlash-Prefix.pch";
				INFOPLIST_FILE = "TimoFlash/TimoFlash-Info.plist";
				LIBRARY_SEARCH_PATHS = (
					"$(inherited)",
					"$(PROJECT_DIR)",
				);
				OTHER_LDFLAGS = (
					"-lsqlite3.0",
					"-ObjC",
				);
				PRODUCT_NAME = "$(TARGET_NAME)";
				WRAPPER_EXTENSION = app;
			};
			name = Debug;
		};
		E8317AC51947E91D00DAF7C7 /* Release */ = {
			isa = XCBuildConfiguration;
			buildSettings = {
				ASSETCATALOG_COMPILER_APPICON_NAME = AppIcon;
				ASSETCATALOG_COMPILER_LAUNCHIMAGE_NAME = LaunchImage;
				CODE_SIGN_IDENTITY = "iPhone Developer";
				FRAMEWORK_SEARCH_PATHS = (
					"$(inherited)",
					"$(PROJECT_DIR)",
					"$(DEVELOPER_FRAMEWORKS_DIR)",
				);
				GCC_PRECOMPILE_PREFIX_HEADER = YES;
				GCC_PREFIX_HEADER = "TimoFlash/TimoFlash-Prefix.pch";
				INFOPLIST_FILE = "TimoFlash/TimoFlash-Info.plist";
				LIBRARY_SEARCH_PATHS = (
					"$(inherited)",
					"$(PROJECT_DIR)",
				);
				OTHER_LDFLAGS = (
					"-lsqlite3.0",
					"-ObjC",
				);
				PRODUCT_NAME = "$(TARGET_NAME)";
				WRAPPER_EXTENSION = app;
			};
			name = Release;
		};
		E8317AC71947E91D00DAF7C7 /* Debug */ = {
			isa = XCBuildConfiguration;
			buildSettings = {
				BUNDLE_LOADER = "$(BUILT_PRODUCTS_DIR)/TimoFlash.app/TimoFlash";
				FRAMEWORK_SEARCH_PATHS = (
					"$(SDKROOT)/Developer/Library/Frameworks",
					"$(inherited)",
					"$(DEVELOPER_FRAMEWORKS_DIR)",
				);
				GCC_PRECOMPILE_PREFIX_HEADER = YES;
				GCC_PREFIX_HEADER = "TimoFlash/TimoFlash-Prefix.pch";
				GCC_PREPROCESSOR_DEFINITIONS = (
					"DEBUG=1",
					"$(inherited)",
				);
				INFOPLIST_FILE = "TimoFlashTests/TimoFlashTests-Info.plist";
				PRODUCT_NAME = "$(TARGET_NAME)";
				TEST_HOST = "$(BUNDLE_LOADER)";
				WRAPPER_EXTENSION = xctest;
			};
			name = Debug;
		};
		E8317AC81947E91D00DAF7C7 /* Release */ = {
			isa = XCBuildConfiguration;
			buildSettings = {
				BUNDLE_LOADER = "$(BUILT_PRODUCTS_DIR)/TimoFlash.app/TimoFlash";
				FRAMEWORK_SEARCH_PATHS = (
					"$(SDKROOT)/Developer/Library/Frameworks",
					"$(inherited)",
					"$(DEVELOPER_FRAMEWORKS_DIR)",
				);
				GCC_PRECOMPILE_PREFIX_HEADER = YES;
				GCC_PREFIX_HEADER = "TimoFlash/TimoFlash-Prefix.pch";
				INFOPLIST_FILE = "TimoFlashTests/TimoFlashTests-Info.plist";
				PRODUCT_NAME = "$(TARGET_NAME)";
				TEST_HOST = "$(BUNDLE_LOADER)";
				WRAPPER_EXTENSION = xctest;
			};
			name = Release;
		};
/* End XCBuildConfiguration section */

/* Begin XCConfigurationList section */
		E8317A891947E91D00DAF7C7 /* Build configuration list for PBXProject "TimoFlash" */ = {
			isa = XCConfigurationList;
			buildConfigurations = (
				E8317AC11947E91D00DAF7C7 /* Debug */,
				E8317AC21947E91D00DAF7C7 /* Release */,
			);
			defaultConfigurationIsVisible = 0;
			defaultConfigurationName = Release;
		};
		E8317AC31947E91D00DAF7C7 /* Build configuration list for PBXNativeTarget "TimoFlash" */ = {
			isa = XCConfigurationList;
			buildConfigurations = (
				E8317AC41947E91D00DAF7C7 /* Debug */,
				E8317AC51947E91D00DAF7C7 /* Release */,
			);
			defaultConfigurationIsVisible = 0;
			defaultConfigurationName = Release;
		};
		E8317AC61947E91D00DAF7C7 /* Build configuration list for PBXNativeTarget "TimoFlashTests" */ = {
			isa = XCConfigurationList;
			buildConfigurations = (
				E8317AC71947E91D00DAF7C7 /* Debug */,
				E8317AC81947E91D00DAF7C7 /* Release */,
			);
			defaultConfigurationIsVisible = 0;
			defaultConfigurationName = Release;
		};
/* End XCConfigurationList section */
	};
	rootObject = E8317A861947E91D00DAF7C7 /* Project object */;
}
